// !$*UTF8*$!
{
	archiveVersion = 1;
	classes = {
	};
	objectVersion = 46;
	objects = {

/* Begin PBXBuildFile section */
		7D166CEB1CE41CA900E90082 /* SSJArticleController.m in Sources */ = {isa = PBXBuildFile; fileRef = 7D166CEA1CE41CA900E90082 /* SSJArticleController.m */; };
		7D166CEF1CE4312700E90082 /* SSJAboutMeController.m in Sources */ = {isa = PBXBuildFile; fileRef = 7D166CEE1CE4312700E90082 /* SSJAboutMeController.m */; };
		7D166CF31CE4664100E90082 /* SSJAvatarButton.m in Sources */ = {isa = PBXBuildFile; fileRef = 7D166CF21CE4664100E90082 /* SSJAvatarButton.m */; };
		7D166CF51CE4665E00E90082 /* SSJAvatarButton.xib in Resources */ = {isa = PBXBuildFile; fileRef = 7D166CF41CE4665E00E90082 /* SSJAvatarButton.xib */; };
		7D166CF91CE473EB00E90082 /* SSJMenuFooterView.m in Sources */ = {isa = PBXBuildFile; fileRef = 7D166CF81CE473EB00E90082 /* SSJMenuFooterView.m */; };
		7D166CFB1CE473FB00E90082 /* SSJMenuFooterView.xib in Resources */ = {isa = PBXBuildFile; fileRef = 7D166CFA1CE473FB00E90082 /* SSJMenuFooterView.xib */; };
		7D166CFE1CE479DF00E90082 /* SSJBaseContentViewController.m in Sources */ = {isa = PBXBuildFile; fileRef = 7D166CFD1CE479DF00E90082 /* SSJBaseContentViewController.m */; };
		7D166D021CE484F900E90082 /* SSJSkipWelcomeView.m in Sources */ = {isa = PBXBuildFile; fileRef = 7D166D011CE484F900E90082 /* SSJSkipWelcomeView.m */; };
		7D166D041CE4852900E90082 /* SSJSkipWelcomeView.xib in Resources */ = {isa = PBXBuildFile; fileRef = 7D166D031CE4852900E90082 /* SSJSkipWelcomeView.xib */; };
		7DC8380A1CE70E7E0001A9A4 /* UIBarButtonItem+FZExtension.m in Sources */ = {isa = PBXBuildFile; fileRef = 7DC837F71CE70E7E0001A9A4 /* UIBarButtonItem+FZExtension.m */; };
		7DC8380B1CE70E7E0001A9A4 /* UIImage+FZExtension.m in Sources */ = {isa = PBXBuildFile; fileRef = 7DC837F91CE70E7E0001A9A4 /* UIImage+FZExtension.m */; };
		7DC8380C1CE70E7E0001A9A4 /* UIView+Layout.m in Sources */ = {isa = PBXBuildFile; fileRef = 7DC837FB1CE70E7E0001A9A4 /* UIView+Layout.m */; };
		7DC8380D1CE70E7E0001A9A4 /* Foundation+Log.m in Sources */ = {isa = PBXBuildFile; fileRef = 7DC837FE1CE70E7E0001A9A4 /* Foundation+Log.m */; };
		7DC8380E1CE70E7E0001A9A4 /* FZMenuController.m in Sources */ = {isa = PBXBuildFile; fileRef = 7DC838021CE70E7E0001A9A4 /* FZMenuController.m */; };
		7DC8380F1CE70E7E0001A9A4 /* FZWebViewController.m in Sources */ = {isa = PBXBuildFile; fileRef = 7DC838091CE70E7E0001A9A4 /* FZWebViewController.m */; };
		7DC928EA1CE1D1EC00B8DF76 /* AppDelegate.m in Sources */ = {isa = PBXBuildFile; fileRef = 7DC928E31CE1D1EC00B8DF76 /* AppDelegate.m */; };
		7DC928EB1CE1D1EC00B8DF76 /* main.m in Sources */ = {isa = PBXBuildFile; fileRef = 7DC928E41CE1D1EC00B8DF76 /* main.m */; };
		7DC928EC1CE1D1EC00B8DF76 /* Assets.xcassets in Resources */ = {isa = PBXBuildFile; fileRef = 7DC928E61CE1D1EC00B8DF76 /* Assets.xcassets */; };
		7DC928F41CE1E62100B8DF76 /* WelComeViewController.m in Sources */ = {isa = PBXBuildFile; fileRef = 7DC928F31CE1E62100B8DF76 /* WelComeViewController.m */; };
		7DCB380A1CE2DBF700C8231F /* SSJAccountListController.m in Sources */ = {isa = PBXBuildFile; fileRef = 7DCB38091CE2DBF700C8231F /* SSJAccountListController.m */; };
		7DCB384C1CE32E2300C8231F /* SSJSettingMenuController.m in Sources */ = {isa = PBXBuildFile; fileRef = 7DCB384B1CE32E2300C8231F /* SSJSettingMenuController.m */; };
		7DCB384F1CE32F5200C8231F /* SSJBaseController.m in Sources */ = {isa = PBXBuildFile; fileRef = 7DCB384E1CE32F5200C8231F /* SSJBaseController.m */; };
		7DCF58361CE35DE0004AFD29 /* SSJAddAccountController.m in Sources */ = {isa = PBXBuildFile; fileRef = 7DCF58351CE35DE0004AFD29 /* SSJAddAccountController.m */; };
		7DCF583C1CE36ACE004AFD29 /* SSJBaseNavController.m in Sources */ = {isa = PBXBuildFile; fileRef = 7DCF583B1CE36ACE004AFD29 /* SSJBaseNavController.m */; };
		7DF7D8691CE81A200060D0EE /* ShareSDK.framework in Frameworks */ = {isa = PBXBuildFile; fileRef = 7DF7D8471CE81A200060D0EE /* ShareSDK.framework */; };
		7DF7D86A1CE81A200060D0EE /* ShareSDKExtension.framework in Frameworks */ = {isa = PBXBuildFile; fileRef = 7DF7D84A1CE81A200060D0EE /* ShareSDKExtension.framework */; };
		7DF7D86B1CE81A200060D0EE /* ShareSDKUI.bundle in Resources */ = {isa = PBXBuildFile; fileRef = 7DF7D84B1CE81A200060D0EE /* ShareSDKUI.bundle */; };
		7DF7D86C1CE81A200060D0EE /* ShareSDKUI.framework in Frameworks */ = {isa = PBXBuildFile; fileRef = 7DF7D84C1CE81A200060D0EE /* ShareSDKUI.framework */; };
		7DF7D86D1CE81A200060D0EE /* TencentOpenAPI.framework in Frameworks */ = {isa = PBXBuildFile; fileRef = 7DF7D84F1CE81A200060D0EE /* TencentOpenAPI.framework */; };
		7DF7D86E1CE81A200060D0EE /* TencentOpenApi_IOS_Bundle.bundle in Resources */ = {isa = PBXBuildFile; fileRef = 7DF7D8501CE81A200060D0EE /* TencentOpenApi_IOS_Bundle.bundle */; };
		7DF7D86F1CE81A200060D0EE /* libWeiboSDK.a in Frameworks */ = {isa = PBXBuildFile; fileRef = 7DF7D8521CE81A200060D0EE /* libWeiboSDK.a */; };
		7DF7D8701CE81A200060D0EE /* WeiboSDK.bundle in Resources */ = {isa = PBXBuildFile; fileRef = 7DF7D85C1CE81A200060D0EE /* WeiboSDK.bundle */; };
		7DF7D8711CE81A200060D0EE /* libWeChatSDK.a in Frameworks */ = {isa = PBXBuildFile; fileRef = 7DF7D8601CE81A200060D0EE /* libWeChatSDK.a */; };
		7DF7D8721CE81A200060D0EE /* read_me.txt in Resources */ = {isa = PBXBuildFile; fileRef = 7DF7D8611CE81A200060D0EE /* read_me.txt */; };
		7DF7D8731CE81A200060D0EE /* MOBFoundation.framework in Frameworks */ = {isa = PBXBuildFile; fileRef = 7DF7D8661CE81A200060D0EE /* MOBFoundation.framework */; };
		7DF7D8741CE81A200060D0EE /* ShareSDK.bundle in Resources */ = {isa = PBXBuildFile; fileRef = 7DF7D8671CE81A200060D0EE /* ShareSDK.bundle */; };
		7DF7D8751CE81A200060D0EE /* ShareSDKConnector.framework in Frameworks */ = {isa = PBXBuildFile; fileRef = 7DF7D8681CE81A200060D0EE /* ShareSDKConnector.framework */; };
		7DF7D8771CE81B630060D0EE /* libicucore.tbd in Frameworks */ = {isa = PBXBuildFile; fileRef = 7DF7D8761CE81B630060D0EE /* libicucore.tbd */; };
		7DF7D8791CE81B930060D0EE /* libz.tbd in Frameworks */ = {isa = PBXBuildFile; fileRef = 7DF7D8781CE81B930060D0EE /* libz.tbd */; };
		7DF7D87B1CE81BA50060D0EE /* libstdc++.tbd in Frameworks */ = {isa = PBXBuildFile; fileRef = 7DF7D87A1CE81BA50060D0EE /* libstdc++.tbd */; };
		7DF7D87D1CE81BB60060D0EE /* JavaScriptCore.framework in Frameworks */ = {isa = PBXBuildFile; fileRef = 7DF7D87C1CE81BB60060D0EE /* JavaScriptCore.framework */; };
		7DF7D87F1CE81BFF0060D0EE /* ImageIO.framework in Frameworks */ = {isa = PBXBuildFile; fileRef = 7DF7D87E1CE81BFF0060D0EE /* ImageIO.framework */; };
		7DF7D8811CE81C110060D0EE /* libsqlite3.tbd in Frameworks */ = {isa = PBXBuildFile; fileRef = 7DF7D8801CE81C110060D0EE /* libsqlite3.tbd */; };
		7DF7D8851CE829D20060D0EE /* SSJLoginController.m in Sources */ = {isa = PBXBuildFile; fileRef = 7DF7D8841CE829D20060D0EE /* SSJLoginController.m */; };
		7DF7D8891CE82A390060D0EE /* SSJDoLoginController.m in Sources */ = {isa = PBXBuildFile; fileRef = 7DF7D8871CE82A390060D0EE /* SSJDoLoginController.m */; };
		7DF7D88A1CE82A390060D0EE /* SSJDoLoginController.xib in Resources */ = {isa = PBXBuildFile; fileRef = 7DF7D8881CE82A390060D0EE /* SSJDoLoginController.xib */; };
/* End PBXBuildFile section */

/* Begin PBXFileReference section */
		7D166CE91CE41CA900E90082 /* SSJArticleController.h */ = {isa = PBXFileReference; fileEncoding = 4; lastKnownFileType = sourcecode.c.h; path = SSJArticleController.h; sourceTree = "<group>"; };
		7D166CEA1CE41CA900E90082 /* SSJArticleController.m */ = {isa = PBXFileReference; fileEncoding = 4; lastKnownFileType = sourcecode.c.objc; path = SSJArticleController.m; sourceTree = "<group>"; };
		7D166CED1CE4312700E90082 /* SSJAboutMeController.h */ = {isa = PBXFileReference; fileEncoding = 4; lastKnownFileType = sourcecode.c.h; path = SSJAboutMeController.h; sourceTree = "<group>"; };
		7D166CEE1CE4312700E90082 /* SSJAboutMeController.m */ = {isa = PBXFileReference; fileEncoding = 4; lastKnownFileType = sourcecode.c.objc; path = SSJAboutMeController.m; sourceTree = "<group>"; };
		7D166CF11CE4664100E90082 /* SSJAvatarButton.h */ = {isa = PBXFileReference; fileEncoding = 4; lastKnownFileType = sourcecode.c.h; path = SSJAvatarButton.h; sourceTree = "<group>"; };
		7D166CF21CE4664100E90082 /* SSJAvatarButton.m */ = {isa = PBXFileReference; fileEncoding = 4; lastKnownFileType = sourcecode.c.objc; path = SSJAvatarButton.m; sourceTree = "<group>"; };
		7D166CF41CE4665E00E90082 /* SSJAvatarButton.xib */ = {isa = PBXFileReference; fileEncoding = 4; lastKnownFileType = file.xib; path = SSJAvatarButton.xib; sourceTree = "<group>"; };
		7D166CF71CE473EB00E90082 /* SSJMenuFooterView.h */ = {isa = PBXFileReference; fileEncoding = 4; lastKnownFileType = sourcecode.c.h; path = SSJMenuFooterView.h; sourceTree = "<group>"; };
		7D166CF81CE473EB00E90082 /* SSJMenuFooterView.m */ = {isa = PBXFileReference; fileEncoding = 4; lastKnownFileType = sourcecode.c.objc; path = SSJMenuFooterView.m; sourceTree = "<group>"; };
		7D166CFA1CE473FB00E90082 /* SSJMenuFooterView.xib */ = {isa = PBXFileReference; fileEncoding = 4; lastKnownFileType = file.xib; path = SSJMenuFooterView.xib; sourceTree = "<group>"; };
		7D166CFC1CE479DF00E90082 /* SSJBaseContentViewController.h */ = {isa = PBXFileReference; fileEncoding = 4; lastKnownFileType = sourcecode.c.h; path = SSJBaseContentViewController.h; sourceTree = "<group>"; };
		7D166CFD1CE479DF00E90082 /* SSJBaseContentViewController.m */ = {isa = PBXFileReference; fileEncoding = 4; lastKnownFileType = sourcecode.c.objc; path = SSJBaseContentViewController.m; sourceTree = "<group>"; };
		7D166D001CE484F900E90082 /* SSJSkipWelcomeView.h */ = {isa = PBXFileReference; fileEncoding = 4; lastKnownFileType = sourcecode.c.h; path = SSJSkipWelcomeView.h; sourceTree = "<group>"; };
		7D166D011CE484F900E90082 /* SSJSkipWelcomeView.m */ = {isa = PBXFileReference; fileEncoding = 4; lastKnownFileType = sourcecode.c.objc; path = SSJSkipWelcomeView.m; sourceTree = "<group>"; };
		7D166D031CE4852900E90082 /* SSJSkipWelcomeView.xib */ = {isa = PBXFileReference; fileEncoding = 4; lastKnownFileType = file.xib; path = SSJSkipWelcomeView.xib; sourceTree = "<group>"; };
		7DC837F61CE70E7E0001A9A4 /* UIBarButtonItem+FZExtension.h */ = {isa = PBXFileReference; fileEncoding = 4; lastKnownFileType = sourcecode.c.h; path = "UIBarButtonItem+FZExtension.h"; sourceTree = "<group>"; };
		7DC837F71CE70E7E0001A9A4 /* UIBarButtonItem+FZExtension.m */ = {isa = PBXFileReference; fileEncoding = 4; lastKnownFileType = sourcecode.c.objc; path = "UIBarButtonItem+FZExtension.m"; sourceTree = "<group>"; };
		7DC837F81CE70E7E0001A9A4 /* UIImage+FZExtension.h */ = {isa = PBXFileReference; fileEncoding = 4; lastKnownFileType = sourcecode.c.h; path = "UIImage+FZExtension.h"; sourceTree = "<group>"; };
		7DC837F91CE70E7E0001A9A4 /* UIImage+FZExtension.m */ = {isa = PBXFileReference; fileEncoding = 4; lastKnownFileType = sourcecode.c.objc; path = "UIImage+FZExtension.m"; sourceTree = "<group>"; };
		7DC837FA1CE70E7E0001A9A4 /* UIView+Layout.h */ = {isa = PBXFileReference; fileEncoding = 4; lastKnownFileType = sourcecode.c.h; path = "UIView+Layout.h"; sourceTree = "<group>"; };
		7DC837FB1CE70E7E0001A9A4 /* UIView+Layout.m */ = {isa = PBXFileReference; fileEncoding = 4; lastKnownFileType = sourcecode.c.objc; path = "UIView+Layout.m"; sourceTree = "<group>"; };
		7DC837FC1CE70E7E0001A9A4 /* FZCommon.h */ = {isa = PBXFileReference; fileEncoding = 4; lastKnownFileType = sourcecode.c.h; path = FZCommon.h; sourceTree = "<group>"; };
		7DC837FE1CE70E7E0001A9A4 /* Foundation+Log.m */ = {isa = PBXFileReference; fileEncoding = 4; lastKnownFileType = sourcecode.c.objc; path = "Foundation+Log.m"; sourceTree = "<group>"; };
		7DC837FF1CE70E7E0001A9A4 /* FZDebug.h */ = {isa = PBXFileReference; fileEncoding = 4; lastKnownFileType = sourcecode.c.h; path = FZDebug.h; sourceTree = "<group>"; };
		7DC838011CE70E7E0001A9A4 /* FZMenuController.h */ = {isa = PBXFileReference; fileEncoding = 4; lastKnownFileType = sourcecode.c.h; path = FZMenuController.h; sourceTree = "<group>"; };
		7DC838021CE70E7E0001A9A4 /* FZMenuController.m */ = {isa = PBXFileReference; fileEncoding = 4; lastKnownFileType = sourcecode.c.objc; path = FZMenuController.m; sourceTree = "<group>"; };
		7DC838041CE70E7E0001A9A4 /* FZColor.h */ = {isa = PBXFileReference; fileEncoding = 4; lastKnownFileType = sourcecode.c.h; path = FZColor.h; sourceTree = "<group>"; };
		7DC838051CE70E7E0001A9A4 /* FZSize.h */ = {isa = PBXFileReference; fileEncoding = 4; lastKnownFileType = sourcecode.c.h; path = FZSize.h; sourceTree = "<group>"; };
		7DC838061CE70E7E0001A9A4 /* FZStyle.h */ = {isa = PBXFileReference; fileEncoding = 4; lastKnownFileType = sourcecode.c.h; path = FZStyle.h; sourceTree = "<group>"; };
		7DC838081CE70E7E0001A9A4 /* FZWebViewController.h */ = {isa = PBXFileReference; fileEncoding = 4; lastKnownFileType = sourcecode.c.h; path = FZWebViewController.h; sourceTree = "<group>"; };
		7DC838091CE70E7E0001A9A4 /* FZWebViewController.m */ = {isa = PBXFileReference; fileEncoding = 4; lastKnownFileType = sourcecode.c.objc; path = FZWebViewController.m; sourceTree = "<group>"; };
		7DC928C61CE1D13100B8DF76 /* suishouji.app */ = {isa = PBXFileReference; explicitFileType = wrapper.application; includeInIndex = 0; path = suishouji.app; sourceTree = BUILT_PRODUCTS_DIR; };
		7DC928E21CE1D1EC00B8DF76 /* AppDelegate.h */ = {isa = PBXFileReference; fileEncoding = 4; lastKnownFileType = sourcecode.c.h; path = AppDelegate.h; sourceTree = "<group>"; };
		7DC928E31CE1D1EC00B8DF76 /* AppDelegate.m */ = {isa = PBXFileReference; fileEncoding = 4; lastKnownFileType = sourcecode.c.objc; path = AppDelegate.m; sourceTree = "<group>"; };
		7DC928E41CE1D1EC00B8DF76 /* main.m */ = {isa = PBXFileReference; fileEncoding = 4; lastKnownFileType = sourcecode.c.objc; path = main.m; sourceTree = "<group>"; };
		7DC928E61CE1D1EC00B8DF76 /* Assets.xcassets */ = {isa = PBXFileReference; lastKnownFileType = folder.assetcatalog; path = Assets.xcassets; sourceTree = "<group>"; };
		7DC928E91CE1D1EC00B8DF76 /* Info.plist */ = {isa = PBXFileReference; fileEncoding = 4; lastKnownFileType = text.plist.xml; path = Info.plist; sourceTree = "<group>"; };
		7DC928F21CE1E62100B8DF76 /* WelComeViewController.h */ = {isa = PBXFileReference; fileEncoding = 4; lastKnownFileType = sourcecode.c.h; path = WelComeViewController.h; sourceTree = "<group>"; };
		7DC928F31CE1E62100B8DF76 /* WelComeViewController.m */ = {isa = PBXFileReference; fileEncoding = 4; lastKnownFileType = sourcecode.c.objc; path = WelComeViewController.m; sourceTree = "<group>"; };
		7DCB38081CE2DBF700C8231F /* SSJAccountListController.h */ = {isa = PBXFileReference; fileEncoding = 4; lastKnownFileType = sourcecode.c.h; path = SSJAccountListController.h; sourceTree = "<group>"; };
		7DCB38091CE2DBF700C8231F /* SSJAccountListController.m */ = {isa = PBXFileReference; fileEncoding = 4; lastKnownFileType = sourcecode.c.objc; path = SSJAccountListController.m; sourceTree = "<group>"; };
		7DCB384A1CE32E2300C8231F /* SSJSettingMenuController.h */ = {isa = PBXFileReference; fileEncoding = 4; lastKnownFileType = sourcecode.c.h; path = SSJSettingMenuController.h; sourceTree = "<group>"; };
		7DCB384B1CE32E2300C8231F /* SSJSettingMenuController.m */ = {isa = PBXFileReference; fileEncoding = 4; lastKnownFileType = sourcecode.c.objc; path = SSJSettingMenuController.m; sourceTree = "<group>"; };
		7DCB384D1CE32F5200C8231F /* SSJBaseController.h */ = {isa = PBXFileReference; fileEncoding = 4; lastKnownFileType = sourcecode.c.h; path = SSJBaseController.h; sourceTree = "<group>"; };
		7DCB384E1CE32F5200C8231F /* SSJBaseController.m */ = {isa = PBXFileReference; fileEncoding = 4; lastKnownFileType = sourcecode.c.objc; path = SSJBaseController.m; sourceTree = "<group>"; };
		7DCF58341CE35DE0004AFD29 /* SSJAddAccountController.h */ = {isa = PBXFileReference; fileEncoding = 4; lastKnownFileType = sourcecode.c.h; path = SSJAddAccountController.h; sourceTree = "<group>"; };
		7DCF58351CE35DE0004AFD29 /* SSJAddAccountController.m */ = {isa = PBXFileReference; fileEncoding = 4; lastKnownFileType = sourcecode.c.objc; path = SSJAddAccountController.m; sourceTree = "<group>"; };
		7DCF583A1CE36ACE004AFD29 /* SSJBaseNavController.h */ = {isa = PBXFileReference; fileEncoding = 4; lastKnownFileType = sourcecode.c.h; path = SSJBaseNavController.h; sourceTree = "<group>"; };
		7DCF583B1CE36ACE004AFD29 /* SSJBaseNavController.m */ = {isa = PBXFileReference; fileEncoding = 4; lastKnownFileType = sourcecode.c.objc; path = SSJBaseNavController.m; sourceTree = "<group>"; };
		7DF7D8471CE81A200060D0EE /* ShareSDK.framework */ = {isa = PBXFileReference; lastKnownFileType = wrapper.framework; path = ShareSDK.framework; sourceTree = "<group>"; };
		7DF7D84A1CE81A200060D0EE /* ShareSDKExtension.framework */ = {isa = PBXFileReference; lastKnownFileType = wrapper.framework; path = ShareSDKExtension.framework; sourceTree = "<group>"; };
		7DF7D84B1CE81A200060D0EE /* ShareSDKUI.bundle */ = {isa = PBXFileReference; lastKnownFileType = "wrapper.plug-in"; path = ShareSDKUI.bundle; sourceTree = "<group>"; };
		7DF7D84C1CE81A200060D0EE /* ShareSDKUI.framework */ = {isa = PBXFileReference; lastKnownFileType = wrapper.framework; path = ShareSDKUI.framework; sourceTree = "<group>"; };
		7DF7D84F1CE81A200060D0EE /* TencentOpenAPI.framework */ = {isa = PBXFileReference; lastKnownFileType = wrapper.framework; path = TencentOpenAPI.framework; sourceTree = "<group>"; };
		7DF7D8501CE81A200060D0EE /* TencentOpenApi_IOS_Bundle.bundle */ = {isa = PBXFileReference; lastKnownFileType = "wrapper.plug-in"; path = TencentOpenApi_IOS_Bundle.bundle; sourceTree = "<group>"; };
		7DF7D8521CE81A200060D0EE /* libWeiboSDK.a */ = {isa = PBXFileReference; lastKnownFileType = archive.ar; path = libWeiboSDK.a; sourceTree = "<group>"; };
		7DF7D8531CE81A200060D0EE /* WBHttpRequest+WeiboGame.h */ = {isa = PBXFileReference; fileEncoding = 4; lastKnownFileType = sourcecode.c.h; path = "WBHttpRequest+WeiboGame.h"; sourceTree = "<group>"; };
		7DF7D8541CE81A200060D0EE /* WBHttpRequest+WeiboShare.h */ = {isa = PBXFileReference; fileEncoding = 4; lastKnownFileType = sourcecode.c.h; path = "WBHttpRequest+WeiboShare.h"; sourceTree = "<group>"; };
		7DF7D8551CE81A200060D0EE /* WBHttpRequest+WeiboToken.h */ = {isa = PBXFileReference; fileEncoding = 4; lastKnownFileType = sourcecode.c.h; path = "WBHttpRequest+WeiboToken.h"; sourceTree = "<group>"; };
		7DF7D8561CE81A200060D0EE /* WBHttpRequest+WeiboUser.h */ = {isa = PBXFileReference; fileEncoding = 4; lastKnownFileType = sourcecode.c.h; path = "WBHttpRequest+WeiboUser.h"; sourceTree = "<group>"; };
		7DF7D8571CE81A200060D0EE /* WBHttpRequest.h */ = {isa = PBXFileReference; fileEncoding = 4; lastKnownFileType = sourcecode.c.h; path = WBHttpRequest.h; sourceTree = "<group>"; };
		7DF7D8581CE81A200060D0EE /* WBSDKBasicButton.h */ = {isa = PBXFileReference; fileEncoding = 4; lastKnownFileType = sourcecode.c.h; path = WBSDKBasicButton.h; sourceTree = "<group>"; };
		7DF7D8591CE81A200060D0EE /* WBSDKCommentButton.h */ = {isa = PBXFileReference; fileEncoding = 4; lastKnownFileType = sourcecode.c.h; path = WBSDKCommentButton.h; sourceTree = "<group>"; };
		7DF7D85A1CE81A200060D0EE /* WBSDKRelationshipButton.h */ = {isa = PBXFileReference; fileEncoding = 4; lastKnownFileType = sourcecode.c.h; path = WBSDKRelationshipButton.h; sourceTree = "<group>"; };
		7DF7D85B1CE81A200060D0EE /* WeiboSDK+Statistics.h */ = {isa = PBXFileReference; fileEncoding = 4; lastKnownFileType = sourcecode.c.h; path = "WeiboSDK+Statistics.h"; sourceTree = "<group>"; };
		7DF7D85C1CE81A200060D0EE /* WeiboSDK.bundle */ = {isa = PBXFileReference; lastKnownFileType = "wrapper.plug-in"; path = WeiboSDK.bundle; sourceTree = "<group>"; };
		7DF7D85D1CE81A200060D0EE /* WeiboSDK.h */ = {isa = PBXFileReference; fileEncoding = 4; lastKnownFileType = sourcecode.c.h; path = WeiboSDK.h; sourceTree = "<group>"; };
		7DF7D85E1CE81A200060D0EE /* WeiboUser.h */ = {isa = PBXFileReference; fileEncoding = 4; lastKnownFileType = sourcecode.c.h; path = WeiboUser.h; sourceTree = "<group>"; };
		7DF7D8601CE81A200060D0EE /* libWeChatSDK.a */ = {isa = PBXFileReference; lastKnownFileType = archive.ar; path = libWeChatSDK.a; sourceTree = "<group>"; };
		7DF7D8611CE81A200060D0EE /* read_me.txt */ = {isa = PBXFileReference; fileEncoding = 4; lastKnownFileType = text; path = read_me.txt; sourceTree = "<group>"; };
		7DF7D8621CE81A200060D0EE /* WechatAuthSDK.h */ = {isa = PBXFileReference; fileEncoding = 4; lastKnownFileType = sourcecode.c.h; path = WechatAuthSDK.h; sourceTree = "<group>"; };
		7DF7D8631CE81A200060D0EE /* WXApi.h */ = {isa = PBXFileReference; fileEncoding = 4; lastKnownFileType = sourcecode.c.h; path = WXApi.h; sourceTree = "<group>"; };
		7DF7D8641CE81A200060D0EE /* WXApiObject.h */ = {isa = PBXFileReference; fileEncoding = 4; lastKnownFileType = sourcecode.c.h; path = WXApiObject.h; sourceTree = "<group>"; };
		7DF7D8661CE81A200060D0EE /* MOBFoundation.framework */ = {isa = PBXFileReference; lastKnownFileType = wrapper.framework; path = MOBFoundation.framework; sourceTree = "<group>"; };
		7DF7D8671CE81A200060D0EE /* ShareSDK.bundle */ = {isa = PBXFileReference; lastKnownFileType = "wrapper.plug-in"; path = ShareSDK.bundle; sourceTree = "<group>"; };
		7DF7D8681CE81A200060D0EE /* ShareSDKConnector.framework */ = {isa = PBXFileReference; lastKnownFileType = wrapper.framework; path = ShareSDKConnector.framework; sourceTree = "<group>"; };
		7DF7D8761CE81B630060D0EE /* libicucore.tbd */ = {isa = PBXFileReference; lastKnownFileType = "sourcecode.text-based-dylib-definition"; name = libicucore.tbd; path = usr/lib/libicucore.tbd; sourceTree = SDKROOT; };
		7DF7D8781CE81B930060D0EE /* libz.tbd */ = {isa = PBXFileReference; lastKnownFileType = "sourcecode.text-based-dylib-definition"; name = libz.tbd; path = usr/lib/libz.tbd; sourceTree = SDKROOT; };
		7DF7D87A1CE81BA50060D0EE /* libstdc++.tbd */ = {isa = PBXFileReference; lastKnownFileType = "sourcecode.text-based-dylib-definition"; name = "libstdc++.tbd"; path = "usr/lib/libstdc++.tbd"; sourceTree = SDKROOT; };
		7DF7D87C1CE81BB60060D0EE /* JavaScriptCore.framework */ = {isa = PBXFileReference; lastKnownFileType = wrapper.framework; name = JavaScriptCore.framework; path = System/Library/Frameworks/JavaScriptCore.framework; sourceTree = SDKROOT; };
		7DF7D87E1CE81BFF0060D0EE /* ImageIO.framework */ = {isa = PBXFileReference; lastKnownFileType = wrapper.framework; name = ImageIO.framework; path = System/Library/Frameworks/ImageIO.framework; sourceTree = SDKROOT; };
		7DF7D8801CE81C110060D0EE /* libsqlite3.tbd */ = {isa = PBXFileReference; lastKnownFileType = "sourcecode.text-based-dylib-definition"; name = libsqlite3.tbd; path = usr/lib/libsqlite3.tbd; sourceTree = SDKROOT; };
		7DF7D8831CE829D20060D0EE /* SSJLoginController.h */ = {isa = PBXFileReference; fileEncoding = 4; lastKnownFileType = sourcecode.c.h; path = SSJLoginController.h; sourceTree = "<group>"; };
		7DF7D8841CE829D20060D0EE /* SSJLoginController.m */ = {isa = PBXFileReference; fileEncoding = 4; lastKnownFileType = sourcecode.c.objc; path = SSJLoginController.m; sourceTree = "<group>"; };
		7DF7D8861CE82A390060D0EE /* SSJDoLoginController.h */ = {isa = PBXFileReference; fileEncoding = 4; lastKnownFileType = sourcecode.c.h; path = SSJDoLoginController.h; sourceTree = "<group>"; };
		7DF7D8871CE82A390060D0EE /* SSJDoLoginController.m */ = {isa = PBXFileReference; fileEncoding = 4; lastKnownFileType = sourcecode.c.objc; path = SSJDoLoginController.m; sourceTree = "<group>"; };
		7DF7D8881CE82A390060D0EE /* SSJDoLoginController.xib */ = {isa = PBXFileReference; fileEncoding = 4; lastKnownFileType = file.xib; path = SSJDoLoginController.xib; sourceTree = "<group>"; };
/* End PBXFileReference section */

/* Begin PBXFrameworksBuildPhase section */
		7DC928C31CE1D13100B8DF76 /* Frameworks */ = {
			isa = PBXFrameworksBuildPhase;
			buildActionMask = 2147483647;
			files = (
				7DF7D8811CE81C110060D0EE /* libsqlite3.tbd in Frameworks */,
				7DF7D87F1CE81BFF0060D0EE /* ImageIO.framework in Frameworks */,
				7DF7D87D1CE81BB60060D0EE /* JavaScriptCore.framework in Frameworks */,
				7DF7D87B1CE81BA50060D0EE /* libstdc++.tbd in Frameworks */,
				7DF7D8791CE81B930060D0EE /* libz.tbd in Frameworks */,
				7DF7D8771CE81B630060D0EE /* libicucore.tbd in Frameworks */,
				7DF7D86F1CE81A200060D0EE /* libWeiboSDK.a in Frameworks */,
				7DF7D8691CE81A200060D0EE /* ShareSDK.framework in Frameworks */,
				7DF7D8711CE81A200060D0EE /* libWeChatSDK.a in Frameworks */,
				7DF7D86D1CE81A200060D0EE /* TencentOpenAPI.framework in Frameworks */,
				7DF7D86C1CE81A200060D0EE /* ShareSDKUI.framework in Frameworks */,
				7DF7D86A1CE81A200060D0EE /* ShareSDKExtension.framework in Frameworks */,
				7DF7D8731CE81A200060D0EE /* MOBFoundation.framework in Frameworks */,
				7DF7D8751CE81A200060D0EE /* ShareSDKConnector.framework in Frameworks */,
			);
			runOnlyForDeploymentPostprocessing = 0;
		};
/* End PBXFrameworksBuildPhase section */

/* Begin PBXGroup section */
		7D166CE81CE41C5800E90082 /* Article */ = {
			isa = PBXGroup;
			children = (
				7D166CE91CE41CA900E90082 /* SSJArticleController.h */,
				7D166CEA1CE41CA900E90082 /* SSJArticleController.m */,
			);
			path = Article;
			sourceTree = "<group>";
		};
		7D166CEC1CE4310700E90082 /* AboutMe */ = {
			isa = PBXGroup;
			children = (
				7D166CED1CE4312700E90082 /* SSJAboutMeController.h */,
				7D166CEE1CE4312700E90082 /* SSJAboutMeController.m */,
			);
			path = AboutMe;
			sourceTree = "<group>";
		};
		7D166CF01CE4660900E90082 /* AvatarButton */ = {
			isa = PBXGroup;
			children = (
				7D166CF11CE4664100E90082 /* SSJAvatarButton.h */,
				7D166CF21CE4664100E90082 /* SSJAvatarButton.m */,
				7D166CF41CE4665E00E90082 /* SSJAvatarButton.xib */,
			);
			path = AvatarButton;
			sourceTree = "<group>";
		};
		7D166CF61CE473D200E90082 /* MenuFooterView */ = {
			isa = PBXGroup;
			children = (
				7D166CF71CE473EB00E90082 /* SSJMenuFooterView.h */,
				7D166CF81CE473EB00E90082 /* SSJMenuFooterView.m */,
				7D166CFA1CE473FB00E90082 /* SSJMenuFooterView.xib */,
			);
			path = MenuFooterView;
			sourceTree = "<group>";
		};
		7D166CFF1CE4845800E90082 /* SkipWelcomeView */ = {
			isa = PBXGroup;
			children = (
				7D166D001CE484F900E90082 /* SSJSkipWelcomeView.h */,
				7D166D011CE484F900E90082 /* SSJSkipWelcomeView.m */,
				7D166D031CE4852900E90082 /* SSJSkipWelcomeView.xib */,
			);
			path = SkipWelcomeView;
			sourceTree = "<group>";
		};
		7DC837F31CE70E7E0001A9A4 /* Other */ = {
			isa = PBXGroup;
			children = (
				7DF7D8461CE81A200060D0EE /* ShareSDK */,
				7DC837F41CE70E7E0001A9A4 /* FZLibs */,
			);
			path = Other;
			sourceTree = "<group>";
		};
		7DC837F41CE70E7E0001A9A4 /* FZLibs */ = {
			isa = PBXGroup;
			children = (
				7DC837F51CE70E7E0001A9A4 /* Category */,
				7DC837FC1CE70E7E0001A9A4 /* FZCommon.h */,
				7DC837FD1CE70E7E0001A9A4 /* FZDebug */,
				7DC838001CE70E7E0001A9A4 /* FZMenuController */,
				7DC838031CE70E7E0001A9A4 /* FZStyle */,
				7DC838071CE70E7E0001A9A4 /* FZWebViewController */,
			);
			path = FZLibs;
			sourceTree = "<group>";
		};
		7DC837F51CE70E7E0001A9A4 /* Category */ = {
			isa = PBXGroup;
			children = (
				7DC837F61CE70E7E0001A9A4 /* UIBarButtonItem+FZExtension.h */,
				7DC837F71CE70E7E0001A9A4 /* UIBarButtonItem+FZExtension.m */,
				7DC837F81CE70E7E0001A9A4 /* UIImage+FZExtension.h */,
				7DC837F91CE70E7E0001A9A4 /* UIImage+FZExtension.m */,
				7DC837FA1CE70E7E0001A9A4 /* UIView+Layout.h */,
				7DC837FB1CE70E7E0001A9A4 /* UIView+Layout.m */,
			);
			path = Category;
			sourceTree = "<group>";
		};
		7DC837FD1CE70E7E0001A9A4 /* FZDebug */ = {
			isa = PBXGroup;
			children = (
				7DC837FE1CE70E7E0001A9A4 /* Foundation+Log.m */,
				7DC837FF1CE70E7E0001A9A4 /* FZDebug.h */,
			);
			path = FZDebug;
			sourceTree = "<group>";
		};
		7DC838001CE70E7E0001A9A4 /* FZMenuController */ = {
			isa = PBXGroup;
			children = (
				7DC838011CE70E7E0001A9A4 /* FZMenuController.h */,
				7DC838021CE70E7E0001A9A4 /* FZMenuController.m */,
			);
			path = FZMenuController;
			sourceTree = "<group>";
		};
		7DC838031CE70E7E0001A9A4 /* FZStyle */ = {
			isa = PBXGroup;
			children = (
				7DC838041CE70E7E0001A9A4 /* FZColor.h */,
				7DC838051CE70E7E0001A9A4 /* FZSize.h */,
				7DC838061CE70E7E0001A9A4 /* FZStyle.h */,
			);
			path = FZStyle;
			sourceTree = "<group>";
		};
		7DC838071CE70E7E0001A9A4 /* FZWebViewController */ = {
			isa = PBXGroup;
			children = (
				7DC838081CE70E7E0001A9A4 /* FZWebViewController.h */,
				7DC838091CE70E7E0001A9A4 /* FZWebViewController.m */,
			);
			path = FZWebViewController;
			sourceTree = "<group>";
		};
		7DC928BD1CE1D13100B8DF76 = {
			isa = PBXGroup;
			children = (
				7DF7D8801CE81C110060D0EE /* libsqlite3.tbd */,
				7DF7D87E1CE81BFF0060D0EE /* ImageIO.framework */,
				7DF7D87C1CE81BB60060D0EE /* JavaScriptCore.framework */,
				7DF7D87A1CE81BA50060D0EE /* libstdc++.tbd */,
				7DF7D8781CE81B930060D0EE /* libz.tbd */,
				7DF7D8761CE81B630060D0EE /* libicucore.tbd */,
				7DC928C81CE1D13200B8DF76 /* suishouji */,
				7DC928C71CE1D13100B8DF76 /* Products */,
			);
			sourceTree = "<group>";
		};
		7DC928C71CE1D13100B8DF76 /* Products */ = {
			isa = PBXGroup;
			children = (
				7DC928C61CE1D13100B8DF76 /* suishouji.app */,
			);
			name = Products;
			sourceTree = "<group>";
		};
		7DC928C81CE1D13200B8DF76 /* suishouji */ = {
			isa = PBXGroup;
			children = (
				7DC928E01CE1D1EC00B8DF76 /* Classes */,
				7DC928E51CE1D1EC00B8DF76 /* Resource */,
			);
			path = suishouji;
			sourceTree = "<group>";
		};
		7DC928E01CE1D1EC00B8DF76 /* Classes */ = {
			isa = PBXGroup;
			children = (
				7DC837F31CE70E7E0001A9A4 /* Other */,
				7DC928E11CE1D1EC00B8DF76 /* Main */,
				7DCB37FE1CE2C81F00C8231F /* SettingsMenu */,
				7D166CEC1CE4310700E90082 /* AboutMe */,
				7D166CE81CE41C5800E90082 /* Article */,
				7DCB38071CE2DBAE00C8231F /* Account */,
				7DF7D8821CE8297E0060D0EE /* Login */,
			);
			path = Classes;
			sourceTree = "<group>";
		};
		7DC928E11CE1D1EC00B8DF76 /* Main */ = {
			isa = PBXGroup;
			children = (
				7D166CFF1CE4845800E90082 /* SkipWelcomeView */,
				7D166CFC1CE479DF00E90082 /* SSJBaseContentViewController.h */,
				7D166CFD1CE479DF00E90082 /* SSJBaseContentViewController.m */,
				7DCF583A1CE36ACE004AFD29 /* SSJBaseNavController.h */,
				7DCF583B1CE36ACE004AFD29 /* SSJBaseNavController.m */,
				7DCB384D1CE32F5200C8231F /* SSJBaseController.h */,
				7DCB384E1CE32F5200C8231F /* SSJBaseController.m */,
				7DC928F21CE1E62100B8DF76 /* WelComeViewController.h */,
				7DC928F31CE1E62100B8DF76 /* WelComeViewController.m */,
				7DC928E21CE1D1EC00B8DF76 /* AppDelegate.h */,
				7DC928E31CE1D1EC00B8DF76 /* AppDelegate.m */,
				7DC928E41CE1D1EC00B8DF76 /* main.m */,
			);
			path = Main;
			sourceTree = "<group>";
		};
		7DC928E51CE1D1EC00B8DF76 /* Resource */ = {
			isa = PBXGroup;
			children = (
				7DC928E61CE1D1EC00B8DF76 /* Assets.xcassets */,
				7DC928E91CE1D1EC00B8DF76 /* Info.plist */,
			);
			path = Resource;
			sourceTree = "<group>";
		};
		7DCB37FE1CE2C81F00C8231F /* SettingsMenu */ = {
			isa = PBXGroup;
			children = (
				7D166CF61CE473D200E90082 /* MenuFooterView */,
				7D166CF01CE4660900E90082 /* AvatarButton */,
				7DCB384A1CE32E2300C8231F /* SSJSettingMenuController.h */,
				7DCB384B1CE32E2300C8231F /* SSJSettingMenuController.m */,
			);
			path = SettingsMenu;
			sourceTree = "<group>";
		};
		7DCB38071CE2DBAE00C8231F /* Account */ = {
			isa = PBXGroup;
			children = (
				7DCB38081CE2DBF700C8231F /* SSJAccountListController.h */,
				7DCB38091CE2DBF700C8231F /* SSJAccountListController.m */,
				7DCF58341CE35DE0004AFD29 /* SSJAddAccountController.h */,
				7DCF58351CE35DE0004AFD29 /* SSJAddAccountController.m */,
			);
			name = Account;
			path = suishouji/Classes/Account;
			sourceTree = SOURCE_ROOT;
		};
		7DF7D8461CE81A200060D0EE /* ShareSDK */ = {
			isa = PBXGroup;
			children = (
				7DF7D8471CE81A200060D0EE /* ShareSDK.framework */,
				7DF7D8481CE81A200060D0EE /* Support */,
			);
			path = ShareSDK;
			sourceTree = "<group>";
		};
		7DF7D8481CE81A200060D0EE /* Support */ = {
			isa = PBXGroup;
			children = (
				7DF7D8491CE81A200060D0EE /* Optional */,
				7DF7D84D1CE81A200060D0EE /* PlatformSDK */,
				7DF7D8651CE81A200060D0EE /* Required */,
			);
			path = Support;
			sourceTree = "<group>";
		};
		7DF7D8491CE81A200060D0EE /* Optional */ = {
			isa = PBXGroup;
			children = (
				7DF7D84A1CE81A200060D0EE /* ShareSDKExtension.framework */,
				7DF7D84B1CE81A200060D0EE /* ShareSDKUI.bundle */,
				7DF7D84C1CE81A200060D0EE /* ShareSDKUI.framework */,
			);
			path = Optional;
			sourceTree = "<group>";
		};
		7DF7D84D1CE81A200060D0EE /* PlatformSDK */ = {
			isa = PBXGroup;
			children = (
				7DF7D84E1CE81A200060D0EE /* QQSDK */,
				7DF7D8511CE81A200060D0EE /* SinaWeiboSDK */,
				7DF7D85F1CE81A200060D0EE /* WeChatSDK */,
			);
			path = PlatformSDK;
			sourceTree = "<group>";
		};
		7DF7D84E1CE81A200060D0EE /* QQSDK */ = {
			isa = PBXGroup;
			children = (
				7DF7D84F1CE81A200060D0EE /* TencentOpenAPI.framework */,
				7DF7D8501CE81A200060D0EE /* TencentOpenApi_IOS_Bundle.bundle */,
			);
			path = QQSDK;
			sourceTree = "<group>";
		};
		7DF7D8511CE81A200060D0EE /* SinaWeiboSDK */ = {
			isa = PBXGroup;
			children = (
				7DF7D8521CE81A200060D0EE /* libWeiboSDK.a */,
				7DF7D8531CE81A200060D0EE /* WBHttpRequest+WeiboGame.h */,
				7DF7D8541CE81A200060D0EE /* WBHttpRequest+WeiboShare.h */,
				7DF7D8551CE81A200060D0EE /* WBHttpRequest+WeiboToken.h */,
				7DF7D8561CE81A200060D0EE /* WBHttpRequest+WeiboUser.h */,
				7DF7D8571CE81A200060D0EE /* WBHttpRequest.h */,
				7DF7D8581CE81A200060D0EE /* WBSDKBasicButton.h */,
				7DF7D8591CE81A200060D0EE /* WBSDKCommentButton.h */,
				7DF7D85A1CE81A200060D0EE /* WBSDKRelationshipButton.h */,
				7DF7D85B1CE81A200060D0EE /* WeiboSDK+Statistics.h */,
				7DF7D85C1CE81A200060D0EE /* WeiboSDK.bundle */,
				7DF7D85D1CE81A200060D0EE /* WeiboSDK.h */,
				7DF7D85E1CE81A200060D0EE /* WeiboUser.h */,
			);
			path = SinaWeiboSDK;
			sourceTree = "<group>";
		};
		7DF7D85F1CE81A200060D0EE /* WeChatSDK */ = {
			isa = PBXGroup;
			children = (
				7DF7D8601CE81A200060D0EE /* libWeChatSDK.a */,
				7DF7D8611CE81A200060D0EE /* read_me.txt */,
				7DF7D8621CE81A200060D0EE /* WechatAuthSDK.h */,
				7DF7D8631CE81A200060D0EE /* WXApi.h */,
				7DF7D8641CE81A200060D0EE /* WXApiObject.h */,
			);
			path = WeChatSDK;
			sourceTree = "<group>";
		};
		7DF7D8651CE81A200060D0EE /* Required */ = {
			isa = PBXGroup;
			children = (
				7DF7D8661CE81A200060D0EE /* MOBFoundation.framework */,
				7DF7D8671CE81A200060D0EE /* ShareSDK.bundle */,
				7DF7D8681CE81A200060D0EE /* ShareSDKConnector.framework */,
			);
			path = Required;
			sourceTree = "<group>";
		};
		7DF7D8821CE8297E0060D0EE /* Login */ = {
			isa = PBXGroup;
			children = (
				7DF7D8831CE829D20060D0EE /* SSJLoginController.h */,
				7DF7D8841CE829D20060D0EE /* SSJLoginController.m */,
				7DF7D8861CE82A390060D0EE /* SSJDoLoginController.h */,
				7DF7D8871CE82A390060D0EE /* SSJDoLoginController.m */,
				7DF7D8881CE82A390060D0EE /* SSJDoLoginController.xib */,
			);
			path = Login;
			sourceTree = "<group>";
		};
/* End PBXGroup section */

/* Begin PBXNativeTarget section */
		7DC928C51CE1D13100B8DF76 /* suishouji */ = {
			isa = PBXNativeTarget;
			buildConfigurationList = 7DC928DD1CE1D13200B8DF76 /* Build configuration list for PBXNativeTarget "suishouji" */;
			buildPhases = (
				7DC928C21CE1D13100B8DF76 /* Sources */,
				7DC928C31CE1D13100B8DF76 /* Frameworks */,
				7DC928C41CE1D13100B8DF76 /* Resources */,
			);
			buildRules = (
			);
			dependencies = (
			);
			name = suishouji;
			productName = suishouji;
			productReference = 7DC928C61CE1D13100B8DF76 /* suishouji.app */;
			productType = "com.apple.product-type.application";
		};
/* End PBXNativeTarget section */

/* Begin PBXProject section */
		7DC928BE1CE1D13100B8DF76 /* Project object */ = {
			isa = PBXProject;
			attributes = {
				LastUpgradeCheck = 0730;
				ORGANIZATIONNAME = fanstudio;
				TargetAttributes = {
					7DC928C51CE1D13100B8DF76 = {
						CreatedOnToolsVersion = 7.3.1;
						DevelopmentTeam = 58C92YS22U;
					};
				};
			};
			buildConfigurationList = 7DC928C11CE1D13100B8DF76 /* Build configuration list for PBXProject "suishouji" */;
			compatibilityVersion = "Xcode 3.2";
			developmentRegion = English;
			hasScannedForEncodings = 0;
			knownRegions = (
				en,
				Base,
			);
			mainGroup = 7DC928BD1CE1D13100B8DF76;
			productRefGroup = 7DC928C71CE1D13100B8DF76 /* Products */;
			projectDirPath = "";
			projectRoot = "";
			targets = (
				7DC928C51CE1D13100B8DF76 /* suishouji */,
			);
		};
/* End PBXProject section */

/* Begin PBXResourcesBuildPhase section */
		7DC928C41CE1D13100B8DF76 /* Resources */ = {
			isa = PBXResourcesBuildPhase;
			buildActionMask = 2147483647;
			files = (
				7DF7D86E1CE81A200060D0EE /* TencentOpenApi_IOS_Bundle.bundle in Resources */,
				7DC928EC1CE1D1EC00B8DF76 /* Assets.xcassets in Resources */,
				7D166D041CE4852900E90082 /* SSJSkipWelcomeView.xib in Resources */,
				7DF7D86B1CE81A200060D0EE /* ShareSDKUI.bundle in Resources */,
				7DF7D8701CE81A200060D0EE /* WeiboSDK.bundle in Resources */,
				7DF7D88A1CE82A390060D0EE /* SSJDoLoginController.xib in Resources */,
				7D166CF51CE4665E00E90082 /* SSJAvatarButton.xib in Resources */,
				7DF7D8721CE81A200060D0EE /* read_me.txt in Resources */,
				7DF7D8741CE81A200060D0EE /* ShareSDK.bundle in Resources */,
				7D166CFB1CE473FB00E90082 /* SSJMenuFooterView.xib in Resources */,
			);
			runOnlyForDeploymentPostprocessing = 0;
		};
/* End PBXResourcesBuildPhase section */

/* Begin PBXSourcesBuildPhase section */
		7DC928C21CE1D13100B8DF76 /* Sources */ = {
			isa = PBXSourcesBuildPhase;
			buildActionMask = 2147483647;
			files = (
				7DC8380A1CE70E7E0001A9A4 /* UIBarButtonItem+FZExtension.m in Sources */,
				7DC928EB1CE1D1EC00B8DF76 /* main.m in Sources */,
				7DC928F41CE1E62100B8DF76 /* WelComeViewController.m in Sources */,
				7DC8380E1CE70E7E0001A9A4 /* FZMenuController.m in Sources */,
				7DCB380A1CE2DBF700C8231F /* SSJAccountListController.m in Sources */,
				7DF7D8891CE82A390060D0EE /* SSJDoLoginController.m in Sources */,
				7D166CEF1CE4312700E90082 /* SSJAboutMeController.m in Sources */,
				7DC8380D1CE70E7E0001A9A4 /* Foundation+Log.m in Sources */,
				7DCB384C1CE32E2300C8231F /* SSJSettingMenuController.m in Sources */,
				7D166CFE1CE479DF00E90082 /* SSJBaseContentViewController.m in Sources */,
				7D166CF31CE4664100E90082 /* SSJAvatarButton.m in Sources */,
				7DC8380C1CE70E7E0001A9A4 /* UIView+Layout.m in Sources */,
				7D166D021CE484F900E90082 /* SSJSkipWelcomeView.m in Sources */,
				7DC8380B1CE70E7E0001A9A4 /* UIImage+FZExtension.m in Sources */,
				7DCF58361CE35DE0004AFD29 /* SSJAddAccountController.m in Sources */,
				7DCB384F1CE32F5200C8231F /* SSJBaseController.m in Sources */,
				7DC928EA1CE1D1EC00B8DF76 /* AppDelegate.m in Sources */,
				7DF7D8851CE829D20060D0EE /* SSJLoginController.m in Sources */,
				7D166CF91CE473EB00E90082 /* SSJMenuFooterView.m in Sources */,
				7DC8380F1CE70E7E0001A9A4 /* FZWebViewController.m in Sources */,
				7D166CEB1CE41CA900E90082 /* SSJArticleController.m in Sources */,
				7DCF583C1CE36ACE004AFD29 /* SSJBaseNavController.m in Sources */,
			);
			runOnlyForDeploymentPostprocessing = 0;
		};
/* End PBXSourcesBuildPhase section */

/* Begin XCBuildConfiguration section */
		7DC928DB1CE1D13200B8DF76 /* Debug */ = {
			isa = XCBuildConfiguration;
			buildSettings = {
				ALWAYS_SEARCH_USER_PATHS = NO;
				CLANG_ANALYZER_NONNULL = YES;
				CLANG_CXX_LANGUAGE_STANDARD = "gnu++0x";
				CLANG_CXX_LIBRARY = "libc++";
				CLANG_ENABLE_MODULES = YES;
				CLANG_ENABLE_OBJC_ARC = YES;
				CLANG_WARN_BOOL_CONVERSION = YES;
				CLANG_WARN_CONSTANT_CONVERSION = YES;
				CLANG_WARN_DIRECT_OBJC_ISA_USAGE = YES_ERROR;
				CLANG_WARN_EMPTY_BODY = YES;
				CLANG_WARN_ENUM_CONVERSION = YES;
				CLANG_WARN_INT_CONVERSION = YES;
				CLANG_WARN_OBJC_ROOT_CLASS = YES_ERROR;
				CLANG_WARN_UNREACHABLE_CODE = YES;
				CLANG_WARN__DUPLICATE_METHOD_MATCH = YES;
				"CODE_SIGN_IDENTITY[sdk=iphoneos*]" = "iPhone Developer";
				COPY_PHASE_STRIP = NO;
				DEBUG_INFORMATION_FORMAT = dwarf;
				ENABLE_STRICT_OBJC_MSGSEND = YES;
				ENABLE_TESTABILITY = YES;
				GCC_C_LANGUAGE_STANDARD = gnu99;
				GCC_DYNAMIC_NO_PIC = NO;
				GCC_NO_COMMON_BLOCKS = YES;
				GCC_OPTIMIZATION_LEVEL = 0;
				GCC_PREPROCESSOR_DEFINITIONS = (
					"DEBUG=1",
					"$(inherited)",
				);
				GCC_WARN_64_TO_32_BIT_CONVERSION = YES;
				GCC_WARN_ABOUT_RETURN_TYPE = YES_ERROR;
				GCC_WARN_UNDECLARED_SELECTOR = YES;
				GCC_WARN_UNINITIALIZED_AUTOS = YES_AGGRESSIVE;
				GCC_WARN_UNUSED_FUNCTION = YES;
				GCC_WARN_UNUSED_VARIABLE = YES;
				IPHONEOS_DEPLOYMENT_TARGET = 9.3;
				MTL_ENABLE_DEBUG_INFO = YES;
				ONLY_ACTIVE_ARCH = YES;
				SDKROOT = iphoneos;
			};
			name = Debug;
		};
		7DC928DC1CE1D13200B8DF76 /* Release */ = {
			isa = XCBuildConfiguration;
			buildSettings = {
				ALWAYS_SEARCH_USER_PATHS = NO;
				CLANG_ANALYZER_NONNULL = YES;
				CLANG_CXX_LANGUAGE_STANDARD = "gnu++0x";
				CLANG_CXX_LIBRARY = "libc++";
				CLANG_ENABLE_MODULES = YES;
				CLANG_ENABLE_OBJC_ARC = YES;
				CLANG_WARN_BOOL_CONVERSION = YES;
				CLANG_WARN_CONSTANT_CONVERSION = YES;
				CLANG_WARN_DIRECT_OBJC_ISA_USAGE = YES_ERROR;
				CLANG_WARN_EMPTY_BODY = YES;
				CLANG_WARN_ENUM_CONVERSION = YES;
				CLANG_WARN_INT_CONVERSION = YES;
				CLANG_WARN_OBJC_ROOT_CLASS = YES_ERROR;
				CLANG_WARN_UNREACHABLE_CODE = YES;
				CLANG_WARN__DUPLICATE_METHOD_MATCH = YES;
				"CODE_SIGN_IDENTITY[sdk=iphoneos*]" = "iPhone Developer";
				COPY_PHASE_STRIP = NO;
				DEBUG_INFORMATION_FORMAT = "dwarf-with-dsym";
				ENABLE_NS_ASSERTIONS = NO;
				ENABLE_STRICT_OBJC_MSGSEND = YES;
				GCC_C_LANGUAGE_STANDARD = gnu99;
				GCC_NO_COMMON_BLOCKS = YES;
				GCC_WARN_64_TO_32_BIT_CONVERSION = YES;
				GCC_WARN_ABOUT_RETURN_TYPE = YES_ERROR;
				GCC_WARN_UNDECLARED_SELECTOR = YES;
				GCC_WARN_UNINITIALIZED_AUTOS = YES_AGGRESSIVE;
				GCC_WARN_UNUSED_FUNCTION = YES;
				GCC_WARN_UNUSED_VARIABLE = YES;
				IPHONEOS_DEPLOYMENT_TARGET = 9.3;
				MTL_ENABLE_DEBUG_INFO = NO;
				SDKROOT = iphoneos;
				VALIDATE_PRODUCT = YES;
			};
			name = Release;
		};
		7DC928DE1CE1D13200B8DF76 /* Debug */ = {
			isa = XCBuildConfiguration;
			buildSettings = {
				ASSETCATALOG_COMPILER_APPICON_NAME = AppIcon;
				ASSETCATALOG_COMPILER_LAUNCHIMAGE_NAME = LaunchImage;
				CODE_SIGN_IDENTITY = "iPhone Developer";
				FRAMEWORK_SEARCH_PATHS = (
					"$(inherited)",
					"$(PROJECT_DIR)/suishouji/Classes/Other/ShareSDK",
					"$(PROJECT_DIR)/suishouji/Classes/Other/ShareSDK/Support/Optional",
					"$(PROJECT_DIR)/suishouji/Classes/Other/ShareSDK/Support/PlatformSDK/QQSDK",
					"$(PROJECT_DIR)/suishouji/Classes/Other/ShareSDK/Support/Required",
				);
				INFOPLIST_FILE = "$(SRCROOT)/suishouji/Resource/Info.plist";
				LD_RUNPATH_SEARCH_PATHS = "$(inherited) @executable_path/Frameworks";
				LIBRARY_SEARCH_PATHS = (
					"$(inherited)",
					"$(PROJECT_DIR)/suishouji/Classes/Other/ShareSDK/Support/PlatformSDK/SinaWeiboSDK",
					"$(PROJECT_DIR)/suishouji/Classes/Other/ShareSDK/Support/PlatformSDK/WeChatSDK",
				);
				OTHER_LDFLAGS = "-ObjC";
				PRODUCT_BUNDLE_IDENTIFIER = cn.fanstudio.suishouji;
				PRODUCT_NAME = "$(TARGET_NAME)";
			};
			name = Debug;
		};
		7DC928DF1CE1D13200B8DF76 /* Release */ = {
			isa = XCBuildConfiguration;
			buildSettings = {
				ASSETCATALOG_COMPILER_APPICON_NAME = AppIcon;
				ASSETCATALOG_COMPILER_LAUNCHIMAGE_NAME = LaunchImage;
				CODE_SIGN_IDENTITY = "iPhone Developer";
				FRAMEWORK_SEARCH_PATHS = (
					"$(inherited)",
					"$(PROJECT_DIR)/suishouji/Classes/Other/ShareSDK",
					"$(PROJECT_DIR)/suishouji/Classes/Other/ShareSDK/Support/Optional",
					"$(PROJECT_DIR)/suishouji/Classes/Other/ShareSDK/Support/PlatformSDK/QQSDK",
					"$(PROJECT_DIR)/suishouji/Classes/Other/ShareSDK/Support/Required",
				);
				INFOPLIST_FILE = "$(SRCROOT)/suishouji/Resource/Info.plist";
				LD_RUNPATH_SEARCH_PATHS = "$(inherited) @executable_path/Frameworks";
				LIBRARY_SEARCH_PATHS = (
					"$(inherited)",
					"$(PROJECT_DIR)/suishouji/Classes/Other/ShareSDK/Support/PlatformSDK/SinaWeiboSDK",
					"$(PROJECT_DIR)/suishouji/Classes/Other/ShareSDK/Support/PlatformSDK/WeChatSDK",
				);
				OTHER_LDFLAGS = "-ObjC";
				PRODUCT_BUNDLE_IDENTIFIER = cn.fanstudio.suishouji;
				PRODUCT_NAME = "$(TARGET_NAME)";
			};
			name = Release;
		};
/* End XCBuildConfiguration section */

/* Begin XCConfigurationList section */
		7DC928C11CE1D13100B8DF76 /* Build configuration list for PBXProject "suishouji" */ = {
			isa = XCConfigurationList;
			buildConfigurations = (
				7DC928DB1CE1D13200B8DF76 /* Debug */,
				7DC928DC1CE1D13200B8DF76 /* Release */,
			);
			defaultConfigurationIsVisible = 0;
			defaultConfigurationName = Release;
		};
		7DC928DD1CE1D13200B8DF76 /* Build configuration list for PBXNativeTarget "suishouji" */ = {
			isa = XCConfigurationList;
			buildConfigurations = (
				7DC928DE1CE1D13200B8DF76 /* Debug */,
				7DC928DF1CE1D13200B8DF76 /* Release */,
			);
			defaultConfigurationIsVisible = 0;
			defaultConfigurationName = Release;
		};
/* End XCConfigurationList section */
	};
	rootObject = 7DC928BE1CE1D13100B8DF76 /* Project object */;
}
