// !$*UTF8*$!
{
	archiveVersion = 1;
	classes = {
	};
	objectVersion = 46;
	objects = {

/* Begin PBXBuildFile section */
		7D166CEB1CE41CA900E90082 /* SSJArticleController.m in Sources */ = {isa = PBXBuildFile; fileRef = 7D166CEA1CE41CA900E90082 /* SSJArticleController.m */; };
		7D166CEF1CE4312700E90082 /* SSJAboutMeController.m in Sources */ = {isa = PBXBuildFile; fileRef = 7D166CEE1CE4312700E90082 /* SSJAboutMeController.m */; };
		7D166CF31CE4664100E90082 /* SSJAvatarButton.m in Sources */ = {isa = PBXBuildFile; fileRef = 7D166CF21CE4664100E90082 /* SSJAvatarButton.m */; };
		7D166CF51CE4665E00E90082 /* SSJAvatarButton.xib in Resources */ = {isa = PBXBuildFile; fileRef = 7D166CF41CE4665E00E90082 /* SSJAvatarButton.xib */; };
		7D166CF91CE473EB00E90082 /* SSJMenuFooterView.m in Sources */ = {isa = PBXBuildFile; fileRef = 7D166CF81CE473EB00E90082 /* SSJMenuFooterView.m */; };
		7D166CFB1CE473FB00E90082 /* SSJMenuFooterView.xib in Resources */ = {isa = PBXBuildFile; fileRef = 7D166CFA1CE473FB00E90082 /* SSJMenuFooterView.xib */; };
		7D166CFE1CE479DF00E90082 /* SSJBaseContentViewController.m in Sources */ = {isa = PBXBuildFile; fileRef = 7D166CFD1CE479DF00E90082 /* SSJBaseContentViewController.m */; };
		7D166D021CE484F900E90082 /* SSJSkipWelcomeView.m in Sources */ = {isa = PBXBuildFile; fileRef = 7D166D011CE484F900E90082 /* SSJSkipWelcomeView.m */; };
		7D166D041CE4852900E90082 /* SSJSkipWelcomeView.xib in Resources */ = {isa = PBXBuildFile; fileRef = 7D166D031CE4852900E90082 /* SSJSkipWelcomeView.xib */; };
		7D166D421CE4C12100E90082 /* FZWebViewController.m in Sources */ = {isa = PBXBuildFile; fileRef = 7D166D411CE4C12100E90082 /* FZWebViewController.m */; };
		7DC928EA1CE1D1EC00B8DF76 /* AppDelegate.m in Sources */ = {isa = PBXBuildFile; fileRef = 7DC928E31CE1D1EC00B8DF76 /* AppDelegate.m */; };
		7DC928EB1CE1D1EC00B8DF76 /* main.m in Sources */ = {isa = PBXBuildFile; fileRef = 7DC928E41CE1D1EC00B8DF76 /* main.m */; };
		7DC928EC1CE1D1EC00B8DF76 /* Assets.xcassets in Resources */ = {isa = PBXBuildFile; fileRef = 7DC928E61CE1D1EC00B8DF76 /* Assets.xcassets */; };
		7DC928F41CE1E62100B8DF76 /* WelComeViewController.m in Sources */ = {isa = PBXBuildFile; fileRef = 7DC928F31CE1E62100B8DF76 /* WelComeViewController.m */; };
		7DCB38061CE2CEB700C8231F /* UIView+Layout.m in Sources */ = {isa = PBXBuildFile; fileRef = 7DCB38051CE2CEB700C8231F /* UIView+Layout.m */; };
		7DCB380A1CE2DBF700C8231F /* SSJAccountListController.m in Sources */ = {isa = PBXBuildFile; fileRef = 7DCB38091CE2DBF700C8231F /* SSJAccountListController.m */; };
		7DCB38491CE32D7000C8231F /* FZMenuController.m in Sources */ = {isa = PBXBuildFile; fileRef = 7DCB38481CE32D7000C8231F /* FZMenuController.m */; };
		7DCB384C1CE32E2300C8231F /* SSJSettingMenuController.m in Sources */ = {isa = PBXBuildFile; fileRef = 7DCB384B1CE32E2300C8231F /* SSJSettingMenuController.m */; };
		7DCB384F1CE32F5200C8231F /* SSJBaseController.m in Sources */ = {isa = PBXBuildFile; fileRef = 7DCB384E1CE32F5200C8231F /* SSJBaseController.m */; };
		7DCF58301CE35ABB004AFD29 /* Foundation+Log.m in Sources */ = {isa = PBXBuildFile; fileRef = 7DCF582F1CE35ABB004AFD29 /* Foundation+Log.m */; };
		7DCF58361CE35DE0004AFD29 /* SSJAddAccountController.m in Sources */ = {isa = PBXBuildFile; fileRef = 7DCF58351CE35DE0004AFD29 /* SSJAddAccountController.m */; };
		7DCF583C1CE36ACE004AFD29 /* SSJBaseNavController.m in Sources */ = {isa = PBXBuildFile; fileRef = 7DCF583B1CE36ACE004AFD29 /* SSJBaseNavController.m */; };
		7DCF583F1CE36D64004AFD29 /* UIBarButtonItem+FZExtension.m in Sources */ = {isa = PBXBuildFile; fileRef = 7DCF583E1CE36D64004AFD29 /* UIBarButtonItem+FZExtension.m */; };
		7DCF58421CE37754004AFD29 /* UIImage+FZExtension.m in Sources */ = {isa = PBXBuildFile; fileRef = 7DCF58411CE37754004AFD29 /* UIImage+FZExtension.m */; };
/* End PBXBuildFile section */

/* Begin PBXFileReference section */
		7D166CE91CE41CA900E90082 /* SSJArticleController.h */ = {isa = PBXFileReference; fileEncoding = 4; lastKnownFileType = sourcecode.c.h; path = SSJArticleController.h; sourceTree = "<group>"; };
		7D166CEA1CE41CA900E90082 /* SSJArticleController.m */ = {isa = PBXFileReference; fileEncoding = 4; lastKnownFileType = sourcecode.c.objc; path = SSJArticleController.m; sourceTree = "<group>"; };
		7D166CED1CE4312700E90082 /* SSJAboutMeController.h */ = {isa = PBXFileReference; fileEncoding = 4; lastKnownFileType = sourcecode.c.h; path = SSJAboutMeController.h; sourceTree = "<group>"; };
		7D166CEE1CE4312700E90082 /* SSJAboutMeController.m */ = {isa = PBXFileReference; fileEncoding = 4; lastKnownFileType = sourcecode.c.objc; path = SSJAboutMeController.m; sourceTree = "<group>"; };
		7D166CF11CE4664100E90082 /* SSJAvatarButton.h */ = {isa = PBXFileReference; fileEncoding = 4; lastKnownFileType = sourcecode.c.h; path = SSJAvatarButton.h; sourceTree = "<group>"; };
		7D166CF21CE4664100E90082 /* SSJAvatarButton.m */ = {isa = PBXFileReference; fileEncoding = 4; lastKnownFileType = sourcecode.c.objc; path = SSJAvatarButton.m; sourceTree = "<group>"; };
		7D166CF41CE4665E00E90082 /* SSJAvatarButton.xib */ = {isa = PBXFileReference; fileEncoding = 4; lastKnownFileType = file.xib; path = SSJAvatarButton.xib; sourceTree = "<group>"; };
		7D166CF71CE473EB00E90082 /* SSJMenuFooterView.h */ = {isa = PBXFileReference; fileEncoding = 4; lastKnownFileType = sourcecode.c.h; path = SSJMenuFooterView.h; sourceTree = "<group>"; };
		7D166CF81CE473EB00E90082 /* SSJMenuFooterView.m */ = {isa = PBXFileReference; fileEncoding = 4; lastKnownFileType = sourcecode.c.objc; path = SSJMenuFooterView.m; sourceTree = "<group>"; };
		7D166CFA1CE473FB00E90082 /* SSJMenuFooterView.xib */ = {isa = PBXFileReference; fileEncoding = 4; lastKnownFileType = file.xib; path = SSJMenuFooterView.xib; sourceTree = "<group>"; };
		7D166CFC1CE479DF00E90082 /* SSJBaseContentViewController.h */ = {isa = PBXFileReference; fileEncoding = 4; lastKnownFileType = sourcecode.c.h; path = SSJBaseContentViewController.h; sourceTree = "<group>"; };
		7D166CFD1CE479DF00E90082 /* SSJBaseContentViewController.m */ = {isa = PBXFileReference; fileEncoding = 4; lastKnownFileType = sourcecode.c.objc; path = SSJBaseContentViewController.m; sourceTree = "<group>"; };
		7D166D001CE484F900E90082 /* SSJSkipWelcomeView.h */ = {isa = PBXFileReference; fileEncoding = 4; lastKnownFileType = sourcecode.c.h; path = SSJSkipWelcomeView.h; sourceTree = "<group>"; };
		7D166D011CE484F900E90082 /* SSJSkipWelcomeView.m */ = {isa = PBXFileReference; fileEncoding = 4; lastKnownFileType = sourcecode.c.objc; path = SSJSkipWelcomeView.m; sourceTree = "<group>"; };
		7D166D031CE4852900E90082 /* SSJSkipWelcomeView.xib */ = {isa = PBXFileReference; fileEncoding = 4; lastKnownFileType = file.xib; path = SSJSkipWelcomeView.xib; sourceTree = "<group>"; };
		7D166D401CE4C12100E90082 /* FZWebViewController.h */ = {isa = PBXFileReference; fileEncoding = 4; lastKnownFileType = sourcecode.c.h; path = FZWebViewController.h; sourceTree = "<group>"; };
		7D166D411CE4C12100E90082 /* FZWebViewController.m */ = {isa = PBXFileReference; fileEncoding = 4; lastKnownFileType = sourcecode.c.objc; path = FZWebViewController.m; sourceTree = "<group>"; };
		7D1B789F1CE5DA0C00E8ABCA /* FZCommon.h */ = {isa = PBXFileReference; lastKnownFileType = sourcecode.c.h; path = FZCommon.h; sourceTree = "<group>"; };
		7DC928C61CE1D13100B8DF76 /* suishouji.app */ = {isa = PBXFileReference; explicitFileType = wrapper.application; includeInIndex = 0; path = suishouji.app; sourceTree = BUILT_PRODUCTS_DIR; };
		7DC928E21CE1D1EC00B8DF76 /* AppDelegate.h */ = {isa = PBXFileReference; fileEncoding = 4; lastKnownFileType = sourcecode.c.h; path = AppDelegate.h; sourceTree = "<group>"; };
		7DC928E31CE1D1EC00B8DF76 /* AppDelegate.m */ = {isa = PBXFileReference; fileEncoding = 4; lastKnownFileType = sourcecode.c.objc; path = AppDelegate.m; sourceTree = "<group>"; };
		7DC928E41CE1D1EC00B8DF76 /* main.m */ = {isa = PBXFileReference; fileEncoding = 4; lastKnownFileType = sourcecode.c.objc; path = main.m; sourceTree = "<group>"; };
		7DC928E61CE1D1EC00B8DF76 /* Assets.xcassets */ = {isa = PBXFileReference; lastKnownFileType = folder.assetcatalog; path = Assets.xcassets; sourceTree = "<group>"; };
		7DC928E91CE1D1EC00B8DF76 /* Info.plist */ = {isa = PBXFileReference; fileEncoding = 4; lastKnownFileType = text.plist.xml; path = Info.plist; sourceTree = "<group>"; };
		7DC928F21CE1E62100B8DF76 /* WelComeViewController.h */ = {isa = PBXFileReference; fileEncoding = 4; lastKnownFileType = sourcecode.c.h; path = WelComeViewController.h; sourceTree = "<group>"; };
		7DC928F31CE1E62100B8DF76 /* WelComeViewController.m */ = {isa = PBXFileReference; fileEncoding = 4; lastKnownFileType = sourcecode.c.objc; path = WelComeViewController.m; sourceTree = "<group>"; };
		7DCB38041CE2CEB700C8231F /* UIView+Layout.h */ = {isa = PBXFileReference; fileEncoding = 4; lastKnownFileType = sourcecode.c.h; path = "UIView+Layout.h"; sourceTree = "<group>"; };
		7DCB38051CE2CEB700C8231F /* UIView+Layout.m */ = {isa = PBXFileReference; fileEncoding = 4; lastKnownFileType = sourcecode.c.objc; path = "UIView+Layout.m"; sourceTree = "<group>"; };
		7DCB38081CE2DBF700C8231F /* SSJAccountListController.h */ = {isa = PBXFileReference; fileEncoding = 4; lastKnownFileType = sourcecode.c.h; path = SSJAccountListController.h; sourceTree = "<group>"; };
		7DCB38091CE2DBF700C8231F /* SSJAccountListController.m */ = {isa = PBXFileReference; fileEncoding = 4; lastKnownFileType = sourcecode.c.objc; path = SSJAccountListController.m; sourceTree = "<group>"; };
		7DCB38471CE32D7000C8231F /* FZMenuController.h */ = {isa = PBXFileReference; fileEncoding = 4; lastKnownFileType = sourcecode.c.h; path = FZMenuController.h; sourceTree = "<group>"; };
		7DCB38481CE32D7000C8231F /* FZMenuController.m */ = {isa = PBXFileReference; fileEncoding = 4; lastKnownFileType = sourcecode.c.objc; path = FZMenuController.m; sourceTree = "<group>"; };
		7DCB384A1CE32E2300C8231F /* SSJSettingMenuController.h */ = {isa = PBXFileReference; fileEncoding = 4; lastKnownFileType = sourcecode.c.h; path = SSJSettingMenuController.h; sourceTree = "<group>"; };
		7DCB384B1CE32E2300C8231F /* SSJSettingMenuController.m */ = {isa = PBXFileReference; fileEncoding = 4; lastKnownFileType = sourcecode.c.objc; path = SSJSettingMenuController.m; sourceTree = "<group>"; };
		7DCB384D1CE32F5200C8231F /* SSJBaseController.h */ = {isa = PBXFileReference; fileEncoding = 4; lastKnownFileType = sourcecode.c.h; path = SSJBaseController.h; sourceTree = "<group>"; };
		7DCB384E1CE32F5200C8231F /* SSJBaseController.m */ = {isa = PBXFileReference; fileEncoding = 4; lastKnownFileType = sourcecode.c.objc; path = SSJBaseController.m; sourceTree = "<group>"; };
		7DCF582E1CE35AA9004AFD29 /* FZDebug.h */ = {isa = PBXFileReference; lastKnownFileType = sourcecode.c.h; path = FZDebug.h; sourceTree = "<group>"; };
		7DCF582F1CE35ABB004AFD29 /* Foundation+Log.m */ = {isa = PBXFileReference; fileEncoding = 4; lastKnownFileType = sourcecode.c.objc; path = "Foundation+Log.m"; sourceTree = "<group>"; };
		7DCF58311CE35B44004AFD29 /* FZColor.h */ = {isa = PBXFileReference; lastKnownFileType = sourcecode.c.h; path = FZColor.h; sourceTree = "<group>"; };
		7DCF58321CE35B56004AFD29 /* FZSize.h */ = {isa = PBXFileReference; lastKnownFileType = sourcecode.c.h; path = FZSize.h; sourceTree = "<group>"; };
		7DCF58331CE35B6B004AFD29 /* FZStyle.h */ = {isa = PBXFileReference; lastKnownFileType = sourcecode.c.h; path = FZStyle.h; sourceTree = "<group>"; };
		7DCF58341CE35DE0004AFD29 /* SSJAddAccountController.h */ = {isa = PBXFileReference; fileEncoding = 4; lastKnownFileType = sourcecode.c.h; path = SSJAddAccountController.h; sourceTree = "<group>"; };
		7DCF58351CE35DE0004AFD29 /* SSJAddAccountController.m */ = {isa = PBXFileReference; fileEncoding = 4; lastKnownFileType = sourcecode.c.objc; path = SSJAddAccountController.m; sourceTree = "<group>"; };
		7DCF583A1CE36ACE004AFD29 /* SSJBaseNavController.h */ = {isa = PBXFileReference; fileEncoding = 4; lastKnownFileType = sourcecode.c.h; path = SSJBaseNavController.h; sourceTree = "<group>"; };
		7DCF583B1CE36ACE004AFD29 /* SSJBaseNavController.m */ = {isa = PBXFileReference; fileEncoding = 4; lastKnownFileType = sourcecode.c.objc; path = SSJBaseNavController.m; sourceTree = "<group>"; };
		7DCF583D1CE36D64004AFD29 /* UIBarButtonItem+FZExtension.h */ = {isa = PBXFileReference; fileEncoding = 4; lastKnownFileType = sourcecode.c.h; path = "UIBarButtonItem+FZExtension.h"; sourceTree = "<group>"; };
		7DCF583E1CE36D64004AFD29 /* UIBarButtonItem+FZExtension.m */ = {isa = PBXFileReference; fileEncoding = 4; lastKnownFileType = sourcecode.c.objc; path = "UIBarButtonItem+FZExtension.m"; sourceTree = "<group>"; };
		7DCF58401CE37754004AFD29 /* UIImage+FZExtension.h */ = {isa = PBXFileReference; fileEncoding = 4; lastKnownFileType = sourcecode.c.h; path = "UIImage+FZExtension.h"; sourceTree = "<group>"; };
		7DCF58411CE37754004AFD29 /* UIImage+FZExtension.m */ = {isa = PBXFileReference; fileEncoding = 4; lastKnownFileType = sourcecode.c.objc; path = "UIImage+FZExtension.m"; sourceTree = "<group>"; };
/* End PBXFileReference section */

/* Begin PBXFrameworksBuildPhase section */
		7DC928C31CE1D13100B8DF76 /* Frameworks */ = {
			isa = PBXFrameworksBuildPhase;
			buildActionMask = 2147483647;
			files = (
			);
			runOnlyForDeploymentPostprocessing = 0;
		};
/* End PBXFrameworksBuildPhase section */

/* Begin PBXGroup section */
		7D166CE81CE41C5800E90082 /* Article */ = {
			isa = PBXGroup;
			children = (
				7D166CE91CE41CA900E90082 /* SSJArticleController.h */,
				7D166CEA1CE41CA900E90082 /* SSJArticleController.m */,
			);
			path = Article;
			sourceTree = "<group>";
		};
		7D166CEC1CE4310700E90082 /* AboutMe */ = {
			isa = PBXGroup;
			children = (
				7D166CED1CE4312700E90082 /* SSJAboutMeController.h */,
				7D166CEE1CE4312700E90082 /* SSJAboutMeController.m */,
			);
			path = AboutMe;
			sourceTree = "<group>";
		};
		7D166CF01CE4660900E90082 /* AvatarButton */ = {
			isa = PBXGroup;
			children = (
				7D166CF11CE4664100E90082 /* SSJAvatarButton.h */,
				7D166CF21CE4664100E90082 /* SSJAvatarButton.m */,
				7D166CF41CE4665E00E90082 /* SSJAvatarButton.xib */,
			);
			path = AvatarButton;
			sourceTree = "<group>";
		};
		7D166CF61CE473D200E90082 /* MenuFooterView */ = {
			isa = PBXGroup;
			children = (
				7D166CF71CE473EB00E90082 /* SSJMenuFooterView.h */,
				7D166CF81CE473EB00E90082 /* SSJMenuFooterView.m */,
				7D166CFA1CE473FB00E90082 /* SSJMenuFooterView.xib */,
			);
			path = MenuFooterView;
			sourceTree = "<group>";
		};
		7D166CFF1CE4845800E90082 /* SkipWelcomeView */ = {
			isa = PBXGroup;
			children = (
				7D166D001CE484F900E90082 /* SSJSkipWelcomeView.h */,
				7D166D011CE484F900E90082 /* SSJSkipWelcomeView.m */,
				7D166D031CE4852900E90082 /* SSJSkipWelcomeView.xib */,
			);
			path = SkipWelcomeView;
			sourceTree = "<group>";
		};
		7D166D3F1CE4C10500E90082 /* FZWebViewController */ = {
			isa = PBXGroup;
			children = (
				7D166D401CE4C12100E90082 /* FZWebViewController.h */,
				7D166D411CE4C12100E90082 /* FZWebViewController.m */,
			);
			path = FZWebViewController;
			sourceTree = "<group>";
		};
		7DC928BD1CE1D13100B8DF76 = {
			isa = PBXGroup;
			children = (
				7DC928C81CE1D13200B8DF76 /* suishouji */,
				7DC928C71CE1D13100B8DF76 /* Products */,
			);
			sourceTree = "<group>";
		};
		7DC928C71CE1D13100B8DF76 /* Products */ = {
			isa = PBXGroup;
			children = (
				7DC928C61CE1D13100B8DF76 /* suishouji.app */,
			);
			name = Products;
			sourceTree = "<group>";
		};
		7DC928C81CE1D13200B8DF76 /* suishouji */ = {
			isa = PBXGroup;
			children = (
				7DC928E01CE1D1EC00B8DF76 /* Classes */,
				7DC928E51CE1D1EC00B8DF76 /* Resource */,
			);
			path = suishouji;
			sourceTree = "<group>";
		};
		7DC928E01CE1D1EC00B8DF76 /* Classes */ = {
			isa = PBXGroup;
			children = (
				7DC928E11CE1D1EC00B8DF76 /* Main */,
				7DCB38021CE2CE8D00C8231F /* Common */,
				7DCB37FE1CE2C81F00C8231F /* SettingsMenu */,
				7D166CEC1CE4310700E90082 /* AboutMe */,
				7D166CE81CE41C5800E90082 /* Article */,
				7DCB38071CE2DBAE00C8231F /* Account */,
			);
			path = Classes;
			sourceTree = "<group>";
		};
		7DC928E11CE1D1EC00B8DF76 /* Main */ = {
			isa = PBXGroup;
			children = (
				7D166CFF1CE4845800E90082 /* SkipWelcomeView */,
				7D166CFC1CE479DF00E90082 /* SSJBaseContentViewController.h */,
				7D166CFD1CE479DF00E90082 /* SSJBaseContentViewController.m */,
				7DCF583A1CE36ACE004AFD29 /* SSJBaseNavController.h */,
				7DCF583B1CE36ACE004AFD29 /* SSJBaseNavController.m */,
				7DCB384D1CE32F5200C8231F /* SSJBaseController.h */,
				7DCB384E1CE32F5200C8231F /* SSJBaseController.m */,
				7DC928F21CE1E62100B8DF76 /* WelComeViewController.h */,
				7DC928F31CE1E62100B8DF76 /* WelComeViewController.m */,
				7DC928E21CE1D1EC00B8DF76 /* AppDelegate.h */,
				7DC928E31CE1D1EC00B8DF76 /* AppDelegate.m */,
				7DC928E41CE1D1EC00B8DF76 /* main.m */,
			);
			path = Main;
			sourceTree = "<group>";
		};
		7DC928E51CE1D1EC00B8DF76 /* Resource */ = {
			isa = PBXGroup;
			children = (
				7DC928E61CE1D1EC00B8DF76 /* Assets.xcassets */,
				7DC928E91CE1D1EC00B8DF76 /* Info.plist */,
			);
			path = Resource;
			sourceTree = "<group>";
		};
		7DCB37FE1CE2C81F00C8231F /* SettingsMenu */ = {
			isa = PBXGroup;
			children = (
				7D166CF61CE473D200E90082 /* MenuFooterView */,
				7D166CF01CE4660900E90082 /* AvatarButton */,
				7DCB384A1CE32E2300C8231F /* SSJSettingMenuController.h */,
				7DCB384B1CE32E2300C8231F /* SSJSettingMenuController.m */,
			);
			path = SettingsMenu;
			sourceTree = "<group>";
		};
		7DCB38021CE2CE8D00C8231F /* Common */ = {
			isa = PBXGroup;
			children = (
				7D1B789F1CE5DA0C00E8ABCA /* FZCommon.h */,
				7D166D3F1CE4C10500E90082 /* FZWebViewController */,
				7DCF582D1CE35A72004AFD29 /* FZDebug */,
				7DCF582C1CE35A69004AFD29 /* FZStyle */,
				7DCB38421CE320EB00C8231F /* FZMenuController */,
				7DCB38031CE2CE8D00C8231F /* Category */,
			);
			path = Common;
			sourceTree = "<group>";
		};
		7DCB38031CE2CE8D00C8231F /* Category */ = {
			isa = PBXGroup;
			children = (
				7DCB38041CE2CEB700C8231F /* UIView+Layout.h */,
				7DCB38051CE2CEB700C8231F /* UIView+Layout.m */,
				7DCF583D1CE36D64004AFD29 /* UIBarButtonItem+FZExtension.h */,
				7DCF583E1CE36D64004AFD29 /* UIBarButtonItem+FZExtension.m */,
				7DCF58401CE37754004AFD29 /* UIImage+FZExtension.h */,
				7DCF58411CE37754004AFD29 /* UIImage+FZExtension.m */,
			);
			path = Category;
			sourceTree = "<group>";
		};
		7DCB38071CE2DBAE00C8231F /* Account */ = {
			isa = PBXGroup;
			children = (
				7DCB38081CE2DBF700C8231F /* SSJAccountListController.h */,
				7DCB38091CE2DBF700C8231F /* SSJAccountListController.m */,
				7DCF58341CE35DE0004AFD29 /* SSJAddAccountController.h */,
				7DCF58351CE35DE0004AFD29 /* SSJAddAccountController.m */,
			);
			name = Account;
			path = suishouji/Classes/Account;
			sourceTree = SOURCE_ROOT;
		};
		7DCB38421CE320EB00C8231F /* FZMenuController */ = {
			isa = PBXGroup;
			children = (
				7DCB38471CE32D7000C8231F /* FZMenuController.h */,
				7DCB38481CE32D7000C8231F /* FZMenuController.m */,
			);
			path = FZMenuController;
			sourceTree = "<group>";
		};
		7DCF582C1CE35A69004AFD29 /* FZStyle */ = {
			isa = PBXGroup;
			children = (
				7DCF58311CE35B44004AFD29 /* FZColor.h */,
				7DCF58321CE35B56004AFD29 /* FZSize.h */,
				7DCF58331CE35B6B004AFD29 /* FZStyle.h */,
			);
			path = FZStyle;
			sourceTree = "<group>";
		};
		7DCF582D1CE35A72004AFD29 /* FZDebug */ = {
			isa = PBXGroup;
			children = (
				7DCF582F1CE35ABB004AFD29 /* Foundation+Log.m */,
				7DCF582E1CE35AA9004AFD29 /* FZDebug.h */,
			);
			path = FZDebug;
			sourceTree = "<group>";
		};
/* End PBXGroup section */

/* Begin PBXNativeTarget section */
		7DC928C51CE1D13100B8DF76 /* suishouji */ = {
			isa = PBXNativeTarget;
			buildConfigurationList = 7DC928DD1CE1D13200B8DF76 /* Build configuration list for PBXNativeTarget "suishouji" */;
			buildPhases = (
				7DC928C21CE1D13100B8DF76 /* Sources */,
				7DC928C31CE1D13100B8DF76 /* Frameworks */,
				7DC928C41CE1D13100B8DF76 /* Resources */,
			);
			buildRules = (
			);
			dependencies = (
			);
			name = suishouji;
			productName = suishouji;
			productReference = 7DC928C61CE1D13100B8DF76 /* suishouji.app */;
			productType = "com.apple.product-type.application";
		};
/* End PBXNativeTarget section */

/* Begin PBXProject section */
		7DC928BE1CE1D13100B8DF76 /* Project object */ = {
			isa = PBXProject;
			attributes = {
				LastUpgradeCheck = 0730;
				ORGANIZATIONNAME = fanstudio;
				TargetAttributes = {
					7DC928C51CE1D13100B8DF76 = {
						CreatedOnToolsVersion = 7.3.1;
						DevelopmentTeam = 58C92YS22U;
					};
				};
			};
			buildConfigurationList = 7DC928C11CE1D13100B8DF76 /* Build configuration list for PBXProject "suishouji" */;
			compatibilityVersion = "Xcode 3.2";
			developmentRegion = English;
			hasScannedForEncodings = 0;
			knownRegions = (
				en,
				Base,
			);
			mainGroup = 7DC928BD1CE1D13100B8DF76;
			productRefGroup = 7DC928C71CE1D13100B8DF76 /* Products */;
			projectDirPath = "";
			projectRoot = "";
			targets = (
				7DC928C51CE1D13100B8DF76 /* suishouji */,
			);
		};
/* End PBXProject section */

/* Begin PBXResourcesBuildPhase section */
		7DC928C41CE1D13100B8DF76 /* Resources */ = {
			isa = PBXResourcesBuildPhase;
			buildActionMask = 2147483647;
			files = (
				7DC928EC1CE1D1EC00B8DF76 /* Assets.xcassets in Resources */,
				7D166D041CE4852900E90082 /* SSJSkipWelcomeView.xib in Resources */,
				7D166CF51CE4665E00E90082 /* SSJAvatarButton.xib in Resources */,
				7D166CFB1CE473FB00E90082 /* SSJMenuFooterView.xib in Resources */,
			);
			runOnlyForDeploymentPostprocessing = 0;
		};
/* End PBXResourcesBuildPhase section */

/* Begin PBXSourcesBuildPhase section */
		7DC928C21CE1D13100B8DF76 /* Sources */ = {
			isa = PBXSourcesBuildPhase;
			buildActionMask = 2147483647;
			files = (
				7DC928EB1CE1D1EC00B8DF76 /* main.m in Sources */,
				7DC928F41CE1E62100B8DF76 /* WelComeViewController.m in Sources */,
				7DCB380A1CE2DBF700C8231F /* SSJAccountListController.m in Sources */,
				7D166CEF1CE4312700E90082 /* SSJAboutMeController.m in Sources */,
				7DCB38061CE2CEB700C8231F /* UIView+Layout.m in Sources */,
				7DCB384C1CE32E2300C8231F /* SSJSettingMenuController.m in Sources */,
				7D166CFE1CE479DF00E90082 /* SSJBaseContentViewController.m in Sources */,
				7DCF58421CE37754004AFD29 /* UIImage+FZExtension.m in Sources */,
				7D166CF31CE4664100E90082 /* SSJAvatarButton.m in Sources */,
				7DCF58301CE35ABB004AFD29 /* Foundation+Log.m in Sources */,
				7DCF583F1CE36D64004AFD29 /* UIBarButtonItem+FZExtension.m in Sources */,
				7D166D021CE484F900E90082 /* SSJSkipWelcomeView.m in Sources */,
				7DCF58361CE35DE0004AFD29 /* SSJAddAccountController.m in Sources */,
				7DCB384F1CE32F5200C8231F /* SSJBaseController.m in Sources */,
				7DC928EA1CE1D1EC00B8DF76 /* AppDelegate.m in Sources */,
				7D166CF91CE473EB00E90082 /* SSJMenuFooterView.m in Sources */,
				7D166CEB1CE41CA900E90082 /* SSJArticleController.m in Sources */,
				7D166D421CE4C12100E90082 /* FZWebViewController.m in Sources */,
				7DCB38491CE32D7000C8231F /* FZMenuController.m in Sources */,
				7DCF583C1CE36ACE004AFD29 /* SSJBaseNavController.m in Sources */,
			);
			runOnlyForDeploymentPostprocessing = 0;
		};
/* End PBXSourcesBuildPhase section */

/* Begin XCBuildConfiguration section */
		7DC928DB1CE1D13200B8DF76 /* Debug */ = {
			isa = XCBuildConfiguration;
			buildSettings = {
				ALWAYS_SEARCH_USER_PATHS = NO;
				CLANG_ANALYZER_NONNULL = YES;
				CLANG_CXX_LANGUAGE_STANDARD = "gnu++0x";
				CLANG_CXX_LIBRARY = "libc++";
				CLANG_ENABLE_MODULES = YES;
				CLANG_ENABLE_OBJC_ARC = YES;
				CLANG_WARN_BOOL_CONVERSION = YES;
				CLANG_WARN_CONSTANT_CONVERSION = YES;
				CLANG_WARN_DIRECT_OBJC_ISA_USAGE = YES_ERROR;
				CLANG_WARN_EMPTY_BODY = YES;
				CLANG_WARN_ENUM_CONVERSION = YES;
				CLANG_WARN_INT_CONVERSION = YES;
				CLANG_WARN_OBJC_ROOT_CLASS = YES_ERROR;
				CLANG_WARN_UNREACHABLE_CODE = YES;
				CLANG_WARN__DUPLICATE_METHOD_MATCH = YES;
				"CODE_SIGN_IDENTITY[sdk=iphoneos*]" = "iPhone Developer";
				COPY_PHASE_STRIP = NO;
				DEBUG_INFORMATION_FORMAT = dwarf;
				ENABLE_STRICT_OBJC_MSGSEND = YES;
				ENABLE_TESTABILITY = YES;
				GCC_C_LANGUAGE_STANDARD = gnu99;
				GCC_DYNAMIC_NO_PIC = NO;
				GCC_NO_COMMON_BLOCKS = YES;
				GCC_OPTIMIZATION_LEVEL = 0;
				GCC_PREPROCESSOR_DEFINITIONS = (
					"DEBUG=1",
					"$(inherited)",
				);
				GCC_WARN_64_TO_32_BIT_CONVERSION = YES;
				GCC_WARN_ABOUT_RETURN_TYPE = YES_ERROR;
				GCC_WARN_UNDECLARED_SELECTOR = YES;
				GCC_WARN_UNINITIALIZED_AUTOS = YES_AGGRESSIVE;
				GCC_WARN_UNUSED_FUNCTION = YES;
				GCC_WARN_UNUSED_VARIABLE = YES;
				IPHONEOS_DEPLOYMENT_TARGET = 9.3;
				MTL_ENABLE_DEBUG_INFO = YES;
				ONLY_ACTIVE_ARCH = YES;
				SDKROOT = iphoneos;
			};
			name = Debug;
		};
		7DC928DC1CE1D13200B8DF76 /* Release */ = {
			isa = XCBuildConfiguration;
			buildSettings = {
				ALWAYS_SEARCH_USER_PATHS = NO;
				CLANG_ANALYZER_NONNULL = YES;
				CLANG_CXX_LANGUAGE_STANDARD = "gnu++0x";
				CLANG_CXX_LIBRARY = "libc++";
				CLANG_ENABLE_MODULES = YES;
				CLANG_ENABLE_OBJC_ARC = YES;
				CLANG_WARN_BOOL_CONVERSION = YES;
				CLANG_WARN_CONSTANT_CONVERSION = YES;
				CLANG_WARN_DIRECT_OBJC_ISA_USAGE = YES_ERROR;
				CLANG_WARN_EMPTY_BODY = YES;
				CLANG_WARN_ENUM_CONVERSION = YES;
				CLANG_WARN_INT_CONVERSION = YES;
				CLANG_WARN_OBJC_ROOT_CLASS = YES_ERROR;
				CLANG_WARN_UNREACHABLE_CODE = YES;
				CLANG_WARN__DUPLICATE_METHOD_MATCH = YES;
				"CODE_SIGN_IDENTITY[sdk=iphoneos*]" = "iPhone Developer";
				COPY_PHASE_STRIP = NO;
				DEBUG_INFORMATION_FORMAT = "dwarf-with-dsym";
				ENABLE_NS_ASSERTIONS = NO;
				ENABLE_STRICT_OBJC_MSGSEND = YES;
				GCC_C_LANGUAGE_STANDARD = gnu99;
				GCC_NO_COMMON_BLOCKS = YES;
				GCC_WARN_64_TO_32_BIT_CONVERSION = YES;
				GCC_WARN_ABOUT_RETURN_TYPE = YES_ERROR;
				GCC_WARN_UNDECLARED_SELECTOR = YES;
				GCC_WARN_UNINITIALIZED_AUTOS = YES_AGGRESSIVE;
				GCC_WARN_UNUSED_FUNCTION = YES;
				GCC_WARN_UNUSED_VARIABLE = YES;
				IPHONEOS_DEPLOYMENT_TARGET = 9.3;
				MTL_ENABLE_DEBUG_INFO = NO;
				SDKROOT = iphoneos;
				VALIDATE_PRODUCT = YES;
			};
			name = Release;
		};
		7DC928DE1CE1D13200B8DF76 /* Debug */ = {
			isa = XCBuildConfiguration;
			buildSettings = {
				ASSETCATALOG_COMPILER_APPICON_NAME = AppIcon;
				ASSETCATALOG_COMPILER_LAUNCHIMAGE_NAME = LaunchImage;
				CODE_SIGN_IDENTITY = "iPhone Developer";
				INFOPLIST_FILE = "$(SRCROOT)/suishouji/Resource/Info.plist";
				LD_RUNPATH_SEARCH_PATHS = "$(inherited) @executable_path/Frameworks";
				PRODUCT_BUNDLE_IDENTIFIER = cn.fanstudio.suishouji;
				PRODUCT_NAME = "$(TARGET_NAME)";
			};
			name = Debug;
		};
		7DC928DF1CE1D13200B8DF76 /* Release */ = {
			isa = XCBuildConfiguration;
			buildSettings = {
				ASSETCATALOG_COMPILER_APPICON_NAME = AppIcon;
				ASSETCATALOG_COMPILER_LAUNCHIMAGE_NAME = LaunchImage;
				CODE_SIGN_IDENTITY = "iPhone Developer";
				INFOPLIST_FILE = "$(SRCROOT)/suishouji/Resource/Info.plist";
				LD_RUNPATH_SEARCH_PATHS = "$(inherited) @executable_path/Frameworks";
				PRODUCT_BUNDLE_IDENTIFIER = cn.fanstudio.suishouji;
				PRODUCT_NAME = "$(TARGET_NAME)";
			};
			name = Release;
		};
/* End XCBuildConfiguration section */

/* Begin XCConfigurationList section */
		7DC928C11CE1D13100B8DF76 /* Build configuration list for PBXProject "suishouji" */ = {
			isa = XCConfigurationList;
			buildConfigurations = (
				7DC928DB1CE1D13200B8DF76 /* Debug */,
				7DC928DC1CE1D13200B8DF76 /* Release */,
			);
			defaultConfigurationIsVisible = 0;
			defaultConfigurationName = Release;
		};
		7DC928DD1CE1D13200B8DF76 /* Build configuration list for PBXNativeTarget "suishouji" */ = {
			isa = XCConfigurationList;
			buildConfigurations = (
				7DC928DE1CE1D13200B8DF76 /* Debug */,
				7DC928DF1CE1D13200B8DF76 /* Release */,
			);
			defaultConfigurationIsVisible = 0;
			defaultConfigurationName = Release;
		};
/* End XCConfigurationList section */
	};
	rootObject = 7DC928BE1CE1D13100B8DF76 /* Project object */;
}
